
Microsoft Visual Studio Solution File, Format Version 12.00
# Visual Studio Version 17
VisualStudioVersion = 17.11.35208.52
MinimumVisualStudioVersion = 10.0.40219.1
Project("{9A19103F-16F7-4668-BE54-9A1E7A4F7556}") = "PlaywrightDemoQA", "PlaywrightDemoQA.csproj", "{565967FE-4D1D-49AD-8C92-4A6A6AB52FBE}"
EndProject
Global
	GlobalSection(SolutionConfigurationPlatforms) = preSolution
		Debug|Any CPU = Debug|Any CPU
		Release|Any CPU = Release|Any CPU
	EndGlobalSection
	GlobalSection(ProjectConfigurationPlatforms) = postSolution
		{565967FE-4D1D-49AD-8C92-4A6A6AB52FBE}.Debug|Any CPU.ActiveCfg = Debug|Any CPU
		{565967FE-4D1D-49AD-8C92-4A6A6AB52FBE}.Debug|Any CPU.Build.0 = Debug|Any CPU
		{565967FE-4D1D-49AD-8C92-4A6A6AB52FBE}.Release|Any CPU.ActiveCfg = Release|Any CPU
		{565967FE-4D1D-49AD-8C92-4A6A6AB52FBE}.Release|Any CPU.Build.0 = Release|Any CPU
	EndGlobalSection
	GlobalSection(SolutionProperties) = preSolution
		HideSolutionNode = FALSE
	EndGlobalSection
	GlobalSection(ExtensibilityGlobals) = postSolution
		SolutionGuid = {4D7A3534-2E32-4A40-BBDB-536408566F4F}
	EndGlobalSection
EndGlobal
