
Microsoft Visual Studio Solution File, Format Version 12.00
# Visual Studio Version 17
VisualStudioVersion = 17.11.35208.52
MinimumVisualStudioVersion = 10.0.40219.1
Project("{FAE04EC0-301F-11D3-BF4B-00C04F79EFBC}") = "SpecFlowSolar", "SpecFlowSolar.csproj", "{A449F3E4-F6E3-432C-98DB-6B29ADB7058E}"
EndProject
Global
	GlobalSection(SolutionConfigurationPlatforms) = preSolution
		Debug|Any CPU = Debug|Any CPU
		Release|Any CPU = Release|Any CPU
	EndGlobalSection
	GlobalSection(ProjectConfigurationPlatforms) = postSolution
		{A449F3E4-F6E3-432C-98DB-6B29ADB7058E}.Debug|Any CPU.ActiveCfg = Debug|Any CPU
		{A449F3E4-F6E3-432C-98DB-6B29ADB7058E}.Debug|Any CPU.Build.0 = Debug|Any CPU
		{A449F3E4-F6E3-432C-98DB-6B29ADB7058E}.Release|Any CPU.ActiveCfg = Release|Any CPU
		{A449F3E4-F6E3-432C-98DB-6B29ADB7058E}.Release|Any CPU.Build.0 = Release|Any CPU
	EndGlobalSection
	GlobalSection(SolutionProperties) = preSolution
		HideSolutionNode = FALSE
	EndGlobalSection
	GlobalSection(ExtensibilityGlobals) = postSolution
		SolutionGuid = {9AA916F3-75AF-4073-AD44-EE37589E7F23}
	EndGlobalSection
EndGlobal
